// !$*UTF8*$!
{
	archiveVersion = 1;
	classes = {
	};
	objectVersion = 50;
	objects = {

/* Begin PBXBuildFile section */
		B303F2FE271C448900C8D6B1 /* TestVC.swift in Sources */ = {isa = PBXBuildFile; fileRef = B303F2FD271C448900C8D6B1 /* TestVC.swift */; };
		B334340C269D822A00B8EB05 /* AppDelegate.swift in Sources */ = {isa = PBXBuildFile; fileRef = B334340B269D822A00B8EB05 /* AppDelegate.swift */; };
		B3343415269D822B00B8EB05 /* Assets.xcassets in Resources */ = {isa = PBXBuildFile; fileRef = B3343414269D822B00B8EB05 /* Assets.xcassets */; };
		B3343418269D822B00B8EB05 /* LaunchScreen.storyboard in Resources */ = {isa = PBXBuildFile; fileRef = B3343416269D822B00B8EB05 /* LaunchScreen.storyboard */; };
		B337B40426C1AC460062459F /* Games.framework in Frameworks */ = {isa = PBXBuildFile; fileRef = B337B40326C1AC460062459F /* Games.framework */; };
		B337B40526C1AC460062459F /* Games.framework in Embed Frameworks */ = {isa = PBXBuildFile; fileRef = B337B40326C1AC460062459F /* Games.framework */; settings = {ATTRIBUTES = (CodeSignOnCopy, RemoveHeadersOnCopy, ); }; };
		B3494D3B26A0212100048CCA /* SharedUI.framework in Frameworks */ = {isa = PBXBuildFile; fileRef = B3494D3A26A0212100048CCA /* SharedUI.framework */; };
		B3494D3C26A0212100048CCA /* SharedUI.framework in Embed Frameworks */ = {isa = PBXBuildFile; fileRef = B3494D3A26A0212100048CCA /* SharedUI.framework */; settings = {ATTRIBUTES = (CodeSignOnCopy, RemoveHeadersOnCopy, ); }; };
		B3A68E37271A20A600AE59D5 /* MainTabBarController.swift in Sources */ = {isa = PBXBuildFile; fileRef = B3A68E36271A20A600AE59D5 /* MainTabBarController.swift */; };
		B3B625262709B95B00BBBDE7 /* HomePage.framework in Frameworks */ = {isa = PBXBuildFile; fileRef = B3B625252709B95B00BBBDE7 /* HomePage.framework */; };
		B3B625272709B95B00BBBDE7 /* HomePage.framework in Embed Frameworks */ = {isa = PBXBuildFile; fileRef = B3B625252709B95B00BBBDE7 /* HomePage.framework */; settings = {ATTRIBUTES = (CodeSignOnCopy, RemoveHeadersOnCopy, ); }; };
/* End PBXBuildFile section */

/* Begin PBXCopyFilesBuildPhase section */
		B3494D3D26A0212100048CCA /* Embed Frameworks */ = {
			isa = PBXCopyFilesBuildPhase;
			buildActionMask = 2147483647;
			dstPath = "";
			dstSubfolderSpec = 10;
			files = (
				B3B625272709B95B00BBBDE7 /* HomePage.framework in Embed Frameworks */,
				B337B40526C1AC460062459F /* Games.framework in Embed Frameworks */,
				B3494D3C26A0212100048CCA /* SharedUI.framework in Embed Frameworks */,
			);
			name = "Embed Frameworks";
			runOnlyForDeploymentPostprocessing = 0;
		};
/* End PBXCopyFilesBuildPhase section */

/* Begin PBXFileReference section */
		B303F2FD271C448900C8D6B1 /* TestVC.swift */ = {isa = PBXFileReference; lastKnownFileType = sourcecode.swift; path = TestVC.swift; sourceTree = "<group>"; };
		B3343408269D822A00B8EB05 /* GameExchange.app */ = {isa = PBXFileReference; explicitFileType = wrapper.application; includeInIndex = 0; path = GameExchange.app; sourceTree = BUILT_PRODUCTS_DIR; };
		B334340B269D822A00B8EB05 /* AppDelegate.swift */ = {isa = PBXFileReference; lastKnownFileType = sourcecode.swift; path = AppDelegate.swift; sourceTree = "<group>"; };
		B3343414269D822B00B8EB05 /* Assets.xcassets */ = {isa = PBXFileReference; lastKnownFileType = folder.assetcatalog; path = Assets.xcassets; sourceTree = "<group>"; };
		B3343417269D822B00B8EB05 /* Base */ = {isa = PBXFileReference; lastKnownFileType = file.storyboard; name = Base; path = Base.lproj/LaunchScreen.storyboard; sourceTree = "<group>"; };
		B3343419269D822B00B8EB05 /* Info.plist */ = {isa = PBXFileReference; lastKnownFileType = text.plist.xml; path = Info.plist; sourceTree = "<group>"; };
		B337B40326C1AC460062459F /* Games.framework */ = {isa = PBXFileReference; explicitFileType = wrapper.framework; path = Games.framework; sourceTree = BUILT_PRODUCTS_DIR; };
		B3494D3A26A0212100048CCA /* SharedUI.framework */ = {isa = PBXFileReference; explicitFileType = wrapper.framework; path = SharedUI.framework; sourceTree = BUILT_PRODUCTS_DIR; };
		B373118C2714DF820072AC61 /* Developers.framework */ = {isa = PBXFileReference; explicitFileType = wrapper.framework; path = Developers.framework; sourceTree = BUILT_PRODUCTS_DIR; };
		B3A68E36271A20A600AE59D5 /* MainTabBarController.swift */ = {isa = PBXFileReference; lastKnownFileType = sourcecode.swift; path = MainTabBarController.swift; sourceTree = "<group>"; };
		B3B625252709B95B00BBBDE7 /* HomePage.framework */ = {isa = PBXFileReference; explicitFileType = wrapper.framework; path = HomePage.framework; sourceTree = BUILT_PRODUCTS_DIR; };
/* End PBXFileReference section */

/* Begin PBXFrameworksBuildPhase section */
		B3343405269D822A00B8EB05 /* Frameworks */ = {
			isa = PBXFrameworksBuildPhase;
			buildActionMask = 2147483647;
			files = (
				B3B625262709B95B00BBBDE7 /* HomePage.framework in Frameworks */,
				B337B40426C1AC460062459F /* Games.framework in Frameworks */,
				B3494D3B26A0212100048CCA /* SharedUI.framework in Frameworks */,
			);
			runOnlyForDeploymentPostprocessing = 0;
		};
/* End PBXFrameworksBuildPhase section */

/* Begin PBXGroup section */
		B33433FF269D822A00B8EB05 = {
			isa = PBXGroup;
			children = (
				B334340A269D822A00B8EB05 /* GameExchange */,
				B3343409269D822A00B8EB05 /* Products */,
				B3494D3926A0212100048CCA /* Frameworks */,
			);
			sourceTree = "<group>";
		};
		B3343409269D822A00B8EB05 /* Products */ = {
			isa = PBXGroup;
			children = (
				B3343408269D822A00B8EB05 /* GameExchange.app */,
			);
			name = Products;
			sourceTree = "<group>";
		};
		B334340A269D822A00B8EB05 /* GameExchange */ = {
			isa = PBXGroup;
			children = (
				B334340B269D822A00B8EB05 /* AppDelegate.swift */,
				B3A68E36271A20A600AE59D5 /* MainTabBarController.swift */,
				B303F2FD271C448900C8D6B1 /* TestVC.swift */,
				B3343414269D822B00B8EB05 /* Assets.xcassets */,
				B3343416269D822B00B8EB05 /* LaunchScreen.storyboard */,
				B3343419269D822B00B8EB05 /* Info.plist */,
			);
			path = GameExchange;
			sourceTree = "<group>";
		};
		B3494D3926A0212100048CCA /* Frameworks */ = {
			isa = PBXGroup;
			children = (
				B373118C2714DF820072AC61 /* Developers.framework */,
				B3B625252709B95B00BBBDE7 /* HomePage.framework */,
				B337B40326C1AC460062459F /* Games.framework */,
				B3494D3A26A0212100048CCA /* SharedUI.framework */,
			);
			name = Frameworks;
			sourceTree = "<group>";
		};
/* End PBXGroup section */

/* Begin PBXNativeTarget section */
		B3343407269D822A00B8EB05 /* GameExchange */ = {
			isa = PBXNativeTarget;
			buildConfigurationList = B334341C269D822B00B8EB05 /* Build configuration list for PBXNativeTarget "GameExchange" */;
			buildPhases = (
				B3343404269D822A00B8EB05 /* Sources */,
				B3343405269D822A00B8EB05 /* Frameworks */,
				B3343406269D822A00B8EB05 /* Resources */,
				B3494D3D26A0212100048CCA /* Embed Frameworks */,
			);
			buildRules = (
			);
			dependencies = (
			);
			name = GameExchange;
			productName = GameExchange;
			productReference = B3343408269D822A00B8EB05 /* GameExchange.app */;
			productType = "com.apple.product-type.application";
		};
/* End PBXNativeTarget section */

/* Begin PBXProject section */
		B3343400269D822A00B8EB05 /* Project object */ = {
			isa = PBXProject;
			attributes = {
				LastSwiftUpdateCheck = 1250;
				LastUpgradeCheck = 1250;
				TargetAttributes = {
					B3343407269D822A00B8EB05 = {
						CreatedOnToolsVersion = 12.5.1;
					};
				};
			};
			buildConfigurationList = B3343403269D822A00B8EB05 /* Build configuration list for PBXProject "GameExchange" */;
			compatibilityVersion = "Xcode 9.3";
			developmentRegion = en;
			hasScannedForEncodings = 0;
			knownRegions = (
				en,
				Base,
			);
			mainGroup = B33433FF269D822A00B8EB05;
			productRefGroup = B3343409269D822A00B8EB05 /* Products */;
			projectDirPath = "";
			projectRoot = "";
			targets = (
				B3343407269D822A00B8EB05 /* GameExchange */,
			);
		};
/* End PBXProject section */

/* Begin PBXResourcesBuildPhase section */
		B3343406269D822A00B8EB05 /* Resources */ = {
			isa = PBXResourcesBuildPhase;
			buildActionMask = 2147483647;
			files = (
				B3343418269D822B00B8EB05 /* LaunchScreen.storyboard in Resources */,
				B3343415269D822B00B8EB05 /* Assets.xcassets in Resources */,
			);
			runOnlyForDeploymentPostprocessing = 0;
		};
/* End PBXResourcesBuildPhase section */

/* Begin PBXSourcesBuildPhase section */
		B3343404269D822A00B8EB05 /* Sources */ = {
			isa = PBXSourcesBuildPhase;
			buildActionMask = 2147483647;
			files = (
				B3A68E37271A20A600AE59D5 /* MainTabBarController.swift in Sources */,
				B303F2FE271C448900C8D6B1 /* TestVC.swift in Sources */,
				B334340C269D822A00B8EB05 /* AppDelegate.swift in Sources */,
			);
			runOnlyForDeploymentPostprocessing = 0;
		};
/* End PBXSourcesBuildPhase section */

/* Begin PBXVariantGroup section */
		B3343416269D822B00B8EB05 /* LaunchScreen.storyboard */ = {
			isa = PBXVariantGroup;
			children = (
				B3343417269D822B00B8EB05 /* Base */,
			);
			name = LaunchScreen.storyboard;
			sourceTree = "<group>";
		};
/* End PBXVariantGroup section */

/* Begin XCBuildConfiguration section */
		B334341A269D822B00B8EB05 /* Debug */ = {
			isa = XCBuildConfiguration;
			buildSettings = {
				ALWAYS_SEARCH_USER_PATHS = NO;
				CLANG_ANALYZER_NONNULL = YES;
				CLANG_ANALYZER_NUMBER_OBJECT_CONVERSION = YES_AGGRESSIVE;
				CLANG_CXX_LANGUAGE_STANDARD = "gnu++14";
				CLANG_CXX_LIBRARY = "libc++";
				CLANG_ENABLE_MODULES = YES;
				CLANG_ENABLE_OBJC_ARC = YES;
				CLANG_ENABLE_OBJC_WEAK = YES;
				CLANG_WARN_BLOCK_CAPTURE_AUTORELEASING = YES;
				CLANG_WARN_BOOL_CONVERSION = YES;
				CLANG_WARN_COMMA = YES;
				CLANG_WARN_CONSTANT_CONVERSION = YES;
				CLANG_WARN_DEPRECATED_OBJC_IMPLEMENTATIONS = YES;
				CLANG_WARN_DIRECT_OBJC_ISA_USAGE = YES_ERROR;
				CLANG_WARN_DOCUMENTATION_COMMENTS = YES;
				CLANG_WARN_EMPTY_BODY = YES;
				CLANG_WARN_ENUM_CONVERSION = YES;
				CLANG_WARN_INFINITE_RECURSION = YES;
				CLANG_WARN_INT_CONVERSION = YES;
				CLANG_WARN_NON_LITERAL_NULL_CONVERSION = YES;
				CLANG_WARN_OBJC_IMPLICIT_RETAIN_SELF = YES;
				CLANG_WARN_OBJC_LITERAL_CONVERSION = YES;
				CLANG_WARN_OBJC_ROOT_CLASS = YES_ERROR;
				CLANG_WARN_QUOTED_INCLUDE_IN_FRAMEWORK_HEADER = YES;
				CLANG_WARN_RANGE_LOOP_ANALYSIS = YES;
				CLANG_WARN_STRICT_PROTOTYPES = YES;
				CLANG_WARN_SUSPICIOUS_MOVE = YES;
				CLANG_WARN_UNGUARDED_AVAILABILITY = YES_AGGRESSIVE;
				CLANG_WARN_UNREACHABLE_CODE = YES;
				CLANG_WARN__DUPLICATE_METHOD_MATCH = YES;
				COPY_PHASE_STRIP = NO;
				DEBUG_INFORMATION_FORMAT = dwarf;
				ENABLE_STRICT_OBJC_MSGSEND = YES;
				ENABLE_TESTABILITY = YES;
				GCC_C_LANGUAGE_STANDARD = gnu11;
				GCC_DYNAMIC_NO_PIC = NO;
				GCC_NO_COMMON_BLOCKS = YES;
				GCC_OPTIMIZATION_LEVEL = 0;
				GCC_PREPROCESSOR_DEFINITIONS = (
					"DEBUG=1",
					"$(inherited)",
				);
				GCC_WARN_64_TO_32_BIT_CONVERSION = YES;
				GCC_WARN_ABOUT_RETURN_TYPE = YES_ERROR;
				GCC_WARN_UNDECLARED_SELECTOR = YES;
				GCC_WARN_UNINITIALIZED_AUTOS = YES_AGGRESSIVE;
				GCC_WARN_UNUSED_FUNCTION = YES;
				GCC_WARN_UNUSED_VARIABLE = YES;
				IPHONEOS_DEPLOYMENT_TARGET = 14.5;
				MTL_ENABLE_DEBUG_INFO = INCLUDE_SOURCE;
				MTL_FAST_MATH = YES;
				ONLY_ACTIVE_ARCH = YES;
				SDKROOT = iphoneos;
				SWIFT_ACTIVE_COMPILATION_CONDITIONS = DEBUG;
				SWIFT_OPTIMIZATION_LEVEL = "-Onone";
			};
			name = Debug;
		};
		B334341B269D822B00B8EB05 /* Release */ = {
			isa = XCBuildConfiguration;
			buildSettings = {
				ALWAYS_SEARCH_USER_PATHS = NO;
				CLANG_ANALYZER_NONNULL = YES;
				CLANG_ANALYZER_NUMBER_OBJECT_CONVERSION = YES_AGGRESSIVE;
				CLANG_CXX_LANGUAGE_STANDARD = "gnu++14";
				CLANG_CXX_LIBRARY = "libc++";
				CLANG_ENABLE_MODULES = YES;
				CLANG_ENABLE_OBJC_ARC = YES;
				CLANG_ENABLE_OBJC_WEAK = YES;
				CLANG_WARN_BLOCK_CAPTURE_AUTORELEASING = YES;
				CLANG_WARN_BOOL_CONVERSION = YES;
				CLANG_WARN_COMMA = YES;
				CLANG_WARN_CONSTANT_CONVERSION = YES;
				CLANG_WARN_DEPRECATED_OBJC_IMPLEMENTATIONS = YES;
				CLANG_WARN_DIRECT_OBJC_ISA_USAGE = YES_ERROR;
				CLANG_WARN_DOCUMENTATION_COMMENTS = YES;
				CLANG_WARN_EMPTY_BODY = YES;
				CLANG_WARN_ENUM_CONVERSION = YES;
				CLANG_WARN_INFINITE_RECURSION = YES;
				CLANG_WARN_INT_CONVERSION = YES;
				CLANG_WARN_NON_LITERAL_NULL_CONVERSION = YES;
				CLANG_WARN_OBJC_IMPLICIT_RETAIN_SELF = YES;
				CLANG_WARN_OBJC_LITERAL_CONVERSION = YES;
				CLANG_WARN_OBJC_ROOT_CLASS = YES_ERROR;
				CLANG_WARN_QUOTED_INCLUDE_IN_FRAMEWORK_HEADER = YES;
				CLANG_WARN_RANGE_LOOP_ANALYSIS = YES;
				CLANG_WARN_STRICT_PROTOTYPES = YES;
				CLANG_WARN_SUSPICIOUS_MOVE = YES;
				CLANG_WARN_UNGUARDED_AVAILABILITY = YES_AGGRESSIVE;
				CLANG_WARN_UNREACHABLE_CODE = YES;
				CLANG_WARN__DUPLICATE_METHOD_MATCH = YES;
				COPY_PHASE_STRIP = NO;
				DEBUG_INFORMATION_FORMAT = "dwarf-with-dsym";
				ENABLE_NS_ASSERTIONS = NO;
				ENABLE_STRICT_OBJC_MSGSEND = YES;
				GCC_C_LANGUAGE_STANDARD = gnu11;
				GCC_NO_COMMON_BLOCKS = YES;
				GCC_WARN_64_TO_32_BIT_CONVERSION = YES;
				GCC_WARN_ABOUT_RETURN_TYPE = YES_ERROR;
				GCC_WARN_UNDECLARED_SELECTOR = YES;
				GCC_WARN_UNINITIALIZED_AUTOS = YES_AGGRESSIVE;
				GCC_WARN_UNUSED_FUNCTION = YES;
				GCC_WARN_UNUSED_VARIABLE = YES;
				IPHONEOS_DEPLOYMENT_TARGET = 14.5;
				MTL_ENABLE_DEBUG_INFO = NO;
				MTL_FAST_MATH = YES;
				SDKROOT = iphoneos;
				SWIFT_COMPILATION_MODE = wholemodule;
				SWIFT_OPTIMIZATION_LEVEL = "-O";
				VALIDATE_PRODUCT = YES;
			};
			name = Release;
		};
		B334341D269D822B00B8EB05 /* Debug */ = {
			isa = XCBuildConfiguration;
			buildSettings = {
				ASSETCATALOG_COMPILER_APPICON_NAME = AppIcon;
				ASSETCATALOG_COMPILER_GLOBAL_ACCENT_COLOR_NAME = AccentColor;
				CODE_SIGN_STYLE = Automatic;
				DEVELOPMENT_TEAM = 4U9D28D7NX;
				INFOPLIST_FILE = GameExchange/Info.plist;
				LD_RUNPATH_SEARCH_PATHS = (
					"$(inherited)",
					"@executable_path/Frameworks",
				);
				PRODUCT_BUNDLE_IDENTIFIER = com.Essa.GameExchange;
				PRODUCT_NAME = "$(TARGET_NAME)";
				SWIFT_VERSION = 5.0;
				TARGETED_DEVICE_FAMILY = "1,2";
			};
			name = Debug;
		};
		B334341E269D822B00B8EB05 /* Release */ = {
			isa = XCBuildConfiguration;
			buildSettings = {
				ASSETCATALOG_COMPILER_APPICON_NAME = AppIcon;
				ASSETCATALOG_COMPILER_GLOBAL_ACCENT_COLOR_NAME = AccentColor;
				CODE_SIGN_STYLE = Automatic;
				DEVELOPMENT_TEAM = 4U9D28D7NX;
				INFOPLIST_FILE = GameExchange/Info.plist;
				LD_RUNPATH_SEARCH_PATHS = (
					"$(inherited)",
					"@executable_path/Frameworks",
				);
				PRODUCT_BUNDLE_IDENTIFIER = com.Essa.GameExchange;
				PRODUCT_NAME = "$(TARGET_NAME)";
				SWIFT_VERSION = 5.0;
				TARGETED_DEVICE_FAMILY = "1,2";
			};
			name = Release;
		};
/* End XCBuildConfiguration section */

/* Begin XCConfigurationList section */
		B3343403269D822A00B8EB05 /* Build configuration list for PBXProject "GameExchange" */ = {
			isa = XCConfigurationList;
			buildConfigurations = (
				B334341A269D822B00B8EB05 /* Debug */,
				B334341B269D822B00B8EB05 /* Release */,
			);
			defaultConfigurationIsVisible = 0;
			defaultConfigurationName = Release;
		};
		B334341C269D822B00B8EB05 /* Build configuration list for PBXNativeTarget "GameExchange" */ = {
			isa = XCConfigurationList;
			buildConfigurations = (
				B334341D269D822B00B8EB05 /* Debug */,
				B334341E269D822B00B8EB05 /* Release */,
			);
			defaultConfigurationIsVisible = 0;
			defaultConfigurationName = Release;
		};
/* End XCConfigurationList section */
	};
	rootObject = B3343400269D822A00B8EB05 /* Project object */;
}
